
Microsoft Visual Studio Solution File, Format Version 12.00
# Visual Studio Version 16
VisualStudioVersion = 16.0.31410.357
MinimumVisualStudioVersion = 10.0.40219.1
Project("{FAE04EC0-301F-11D3-BF4B-00C04F79EFBC}") = "pr-32_prakt17_4_OAP_ZhuravlevTimofeyVasilievich", "pr-32_prakt17_4_OAP_ZhuravlevTimofeyVasilievich\pr-32_prakt17_4_OAP_ZhuravlevTimofeyVasilievich.csproj", "{7E458AF6-F14A-43D3-9987-B9860C9C2A81}"
EndProject
Global
	GlobalSection(SolutionConfigurationPlatforms) = preSolution
		Debug|Any CPU = Debug|Any CPU
		Release|Any CPU = Release|Any CPU
	EndGlobalSection
	GlobalSection(ProjectConfigurationPlatforms) = postSolution
		{7E458AF6-F14A-43D3-9987-B9860C9C2A81}.Debug|Any CPU.ActiveCfg = Debug|Any CPU
		{7E458AF6-F14A-43D3-9987-B9860C9C2A81}.Debug|Any CPU.Build.0 = Debug|Any CPU
		{7E458AF6-F14A-43D3-9987-B9860C9C2A81}.Release|Any CPU.ActiveCfg = Release|Any CPU
		{7E458AF6-F14A-43D3-9987-B9860C9C2A81}.Release|Any CPU.Build.0 = Release|Any CPU
	EndGlobalSection
	GlobalSection(SolutionProperties) = preSolution
		HideSolutionNode = FALSE
	EndGlobalSection
	GlobalSection(ExtensibilityGlobals) = postSolution
		SolutionGuid = {82D74791-1042-4D0C-92A9-CA0F4A9374D0}
	EndGlobalSection
EndGlobal
